
Microsoft Visual Studio Solution File, Format Version 12.00
# Visual Studio 15
VisualStudioVersion = 15.0.26430.6
MinimumVisualStudioVersion = 10.0.40219.1
Project("{FAE04EC0-301F-11D3-BF4B-00C04F79EFBC}") = "TwitterAssignment", "TwitterAssignment\TwitterAssignment.csproj", "{1965F9D4-688E-4333-A931-E1A1C26015FA}"
EndProject
Project("{FAE04EC0-301F-11D3-BF4B-00C04F79EFBC}") = "TwitterAssignment.Tests", "TwitterAssignment.Tests\TwitterAssignment.Tests.csproj", "{16D1223F-84CB-460E-8AD1-3D44013B4890}"
EndProject
Global
	GlobalSection(SolutionConfigurationPlatforms) = preSolution
		Debug|Any CPU = Debug|Any CPU
		Release|Any CPU = Release|Any CPU
	EndGlobalSection
	GlobalSection(ProjectConfigurationPlatforms) = postSolution
		{1965F9D4-688E-4333-A931-E1A1C26015FA}.Debug|Any CPU.ActiveCfg = Debug|Any CPU
		{1965F9D4-688E-4333-A931-E1A1C26015FA}.Debug|Any CPU.Build.0 = Debug|Any CPU
		{1965F9D4-688E-4333-A931-E1A1C26015FA}.Release|Any CPU.ActiveCfg = Release|Any CPU
		{1965F9D4-688E-4333-A931-E1A1C26015FA}.Release|Any CPU.Build.0 = Release|Any CPU
		{16D1223F-84CB-460E-8AD1-3D44013B4890}.Debug|Any CPU.ActiveCfg = Debug|Any CPU
		{16D1223F-84CB-460E-8AD1-3D44013B4890}.Debug|Any CPU.Build.0 = Debug|Any CPU
		{16D1223F-84CB-460E-8AD1-3D44013B4890}.Release|Any CPU.ActiveCfg = Release|Any CPU
		{16D1223F-84CB-460E-8AD1-3D44013B4890}.Release|Any CPU.Build.0 = Release|Any CPU
	EndGlobalSection
	GlobalSection(SolutionProperties) = preSolution
		HideSolutionNode = FALSE
	EndGlobalSection
EndGlobal
